version: 1
checksums:
  56dff6dafeb960c6136bc8f6a10413f6:
    app/name: 0c464926cd5f3757f8eb2ff1435d38bf
    app/tagline: 8de19cf21bd768d8dac2da9f8491dbbe
    nav/home: 104a3db3b671c04e167eafbe21e57881
    nav/features: 341ff316a339b106a178f0b8d362951b
    nav/videoTranscription: 32ecbdde7fa501a4ab8e3098adc453b9
    nav/chat: 8988eec2954f07bd67e9cdf9e2c8700a
    nav/documentTranslation: 3a8eec112fcc904321e8d5628c629220
    nav/login: 9fb886eff8d1d67d8bb79f5c3f78edde
    nav/logout: 9a236bb8f8bec867ec0d0950d38bcc71
    home/hero/title: 9e6babec1e6bdae9f1a2f7fad48f5166
    home/hero/subtitle: 05807259022155fe5654b061e18ea82e
    home/hero/ctaPrimary: 92f619eecf440915227d44c0c1a4619e
    home/hero/ctaSecondary: 1d49a231c2f3fe8f1fd3997a9e74fdef
    home/hero/trustedBy: 06197950c0119a66ce8d6a14f7c67a70
    home/features/sectionTitle: ed5c52426c473173013d9242beb10589
    home/features/sectionSubtitle: 3af005a8f49abcfdd9991943e9ddef55
    home/features/videoTranscription/title: 32ecbdde7fa501a4ab8e3098adc453b9
    home/features/videoTranscription/description: 5a797df78c2f29afd7bdf1556ee85d3f
    home/features/chat/title: 8988eec2954f07bd67e9cdf9e2c8700a
    home/features/chat/description: c9d5da47c4a2541fc8bf5a9c715af671
    home/features/documentTranslation/title: 3a8eec112fcc904321e8d5628c629220
    home/features/documentTranslation/description: 03672ddee4234eed4a1743fd37d8515e
    home/features/tryNow: 838d44da7b614e149a2ad3b76c6806b0
    home/howItWorks/title: f0be71e62d493362a83cdcb7a0f6c21c
    home/howItWorks/subtitle: 82747b8e6aaab7e2dc0294e3942b1b56
    home/howItWorks/step1/title: e3ea57035579f33709a073d60e42fcc5
    home/howItWorks/step1/description: 80f713c1fbcae0c128b16160d962f9f2
    home/howItWorks/step2/title: 7d81d582e626068a6fe985659ef10b95
    home/howItWorks/step2/description: d9f6f7576aa71a16c862750913be0d2b
    home/howItWorks/step3/title: 8f35569b7d42433a02aff111a7f47ef2
    home/howItWorks/step3/description: edc6d292d32b2b093b1b038bb9767361
    home/stats/languages: a787794b6d9470223c7a00c46ac8a4c6
    home/stats/translations: b7a71225ecadf558caefe2674e5f83f5
    home/stats/uptime: ebb849b7e500f4e3353cc03798d8b567
    home/stats/support: 41b957275735db9c4656358398295e95
    home/cta/title: b17efbe76eae62d009613898a69c7b37
    home/cta/subtitle: 3ac8a9f0c08586e99db953004c05585e
    home/cta/button: 4fab76a3fc5d5c94e3248cd279cfdd14
    home/footer/company/title: 9e36d11fa82d1bd4563eef2abc4fcfba
    home/footer/company/about: 944521eeeed2511833d2299931273c71
    home/footer/company/blog: 7feb9b36be2028520ffe37de06505148
    home/footer/company/careers: 0c3de148ec7e5f5076feaf91f545eb3a
    home/footer/features/title: 341ff316a339b106a178f0b8d362951b
    home/footer/features/transcription: 3e16d3e59834a54b196314e721c144c7
    home/footer/features/dubbing: fe4f121c0eeb1edc449938ffb2d6a23b
    home/footer/features/chat: 8988eec2954f07bd67e9cdf9e2c8700a
    home/footer/features/documentTranslation: 3a8eec112fcc904321e8d5628c629220
    home/footer/resources/title: ec7fb05ed963bb6781a35782b3475502
    home/footer/resources/documentation: 1563fcb5ddb5037b0709ccd3dd384a92
    home/footer/resources/apiReference: 7dcc877064bfdf889ec55dbc9e06a242
    home/footer/resources/support: 55aab5fd0f31a9cb055a2edeeedfaf63
    home/footer/legal/title: 00d3f08da61a21887009819cf93fb414
    home/footer/legal/privacy: 6007d5d5f6591c027b15bd49ab7a8c47
    home/footer/legal/terms: c531b88ecfe7dd2337a34f4a9ed18a5f
    home/footer/legal/security: 4b34923fef858a2b9a4a914c3e822889
    home/footer/copyright: fd08115b6ace71092464da959044e225
    login/branding/title: f2dc6b332bc2e3cd08f2300d8e6823ce
    login/branding/subtitle: 9e6babec1e6bdae9f1a2f7fad48f5166
    login/branding/description: 06669022bbe58872847e4e00b8477049
    login/tabs/signin: ec7b8f314fe9bc6591006707484ede61
    login/tabs/signup: 0dd2ae69be4618c1f9e615774a4509ca
    login/signin/title: 3d7c5b589fe3e18a1d2d7e83de7a9cf1
    login/signin/subtitle: e58861a898fb88e55935bb94ea79ef77
    login/signin/emailLabel: 0ee22bbbe989a0c61a18023407d12dc2
    login/signin/emailPlaceholder: 39931962707c99b99a5a073ab579396b
    login/signin/passwordLabel: 223a61cf906ab9c40d22612c588dff48
    login/signin/passwordPlaceholder: ea4fdd034522dead21bae0c0abb52eae
    login/signin/forgotPassword: 87302ecbbfead42d1abecddd442ad77b
    login/signin/button: ec7b8f314fe9bc6591006707484ede61
    login/signin/or: 98639bcbc7b4889bae62ad0ebde740e1
    login/signin/continueWithReplit: fb732b80188146d3ecedac070cea97ba
    login/signin/continueWithGoogle: 296841ac969a7f5d0fffc144f2488bbb
    login/signin/continueWithMicrosoft: cbe83e6a317329bc7df5cf461ce63e47
    login/signup/title: 3c3c9666b2acc1404eaa89e34e17f946
    login/signup/subtitle: 773510271f3b195ee7fada81ff42e7de
    login/signup/emailLabel: 0ee22bbbe989a0c61a18023407d12dc2
    login/signup/emailPlaceholder: 39931962707c99b99a5a073ab579396b
    login/signup/passwordLabel: 223a61cf906ab9c40d22612c588dff48
    login/signup/passwordPlaceholder: 3c5df02455af46684285bbf665317812
    login/signup/confirmPasswordLabel: 140bae95eb2040668118c6244c4a4825
    login/signup/confirmPasswordPlaceholder: 224b4aa56991875af1df9d3b102de647
    login/signup/button: 0dd2ae69be4618c1f9e615774a4509ca
    login/signup/or: 98639bcbc7b4889bae62ad0ebde740e1
    login/signup/signupWithReplit: a91aee376ec675c585c713cc32a5698d
    transcription/breadcrumb/home: 104a3db3b671c04e167eafbe21e57881
    transcription/breadcrumb/current: 32ecbdde7fa501a4ab8e3098adc453b9
    transcription/pageTitle: 32ecbdde7fa501a4ab8e3098adc453b9
    transcription/pageDescription: 946187079924239cf61f183799d41153
    transcription/form/urlLabel: 0b48896061a1124501fdaba026804148
    transcription/form/transcribeButton: 406baaac1ad9e9cd10f40ef268a9674f
    transcription/form/transcribing: 6296ac33a8ec57f8623b442de11eaa29
    transcription/processing/status: 3a6ca9aede742caecf7b924c90c9cbca
    transcription/processing/message: 5151ad6d905235825fc04d8c53faf49c
    transcription/error/title: a478086441e03daf42cdfd8564d600cd
    transcription/error/message: cbad440248dc89a847a6e70d73806235
    transcription/error/tip: 8743849b67cbcc8d85c985bde21a3bb8
    transcription/videoPlayer/title: 623f74b7e77a94b14dde9044086a731c
    transcription/transcript/title: 6bbda4f7939d627251d37995a1639998
    transcription/transcript/downloadTxt: 23aad00a1cc99dc356ff150ed7e47184
    transcription/transcript/downloadSrt: 4a57c57f485faf5b54bdd59ec3b8ab6e
    transcription/translation/title: 9276816e7bc1a6ff00f388faa0863986
    transcription/translation/translateButton: 59f9803b27e2030ba7323ed239116cf7
    transcription/translation/translating: 602b092655724238f713953e906c9032
    transcription/translation/empty: c5e93ebcefe84ac458a78d9dc9624a40
    transcription/translation/processing: 140bba01b8a4ba942bf4089647b76b9d
    transcription/translation/error: fc1b67e7e4f1a6d35aa5b3aed1ecbb90
    transcription/empty/title: c6a47384a363fbbb74a23c843c3104ae
    transcription/empty/description: b1e04f9ac8cfc6e2f15fe622df309855
    transcription/toast/processingStarted: 5e8005cb74783a96178a3e029161df8a
    transcription/toast/processingDescription: 83a84ac7e800ce41514eaa5b42be9ed1
    transcription/toast/transcriptionCompleted: c32fb40febe03dbadae7a74d8ae495d6
    transcription/toast/transcriptionCompletedDescription: 910a0be56ec79494ed634f784311044a
    transcription/toast/transcriptionFailed: 660cc212a11f4f8c70a05bc689a0f5e3
    transcription/toast/translationStarted: b772b43071575931a17e1dc8ebe602bb
    transcription/toast/translationDescription: 075617739e2de40916311c7d7d247cd0
    transcription/toast/translationFailed: fd356a173d0abde7a0fc660394954cc7
    transcription/dubbing/title: 169cb7e078b2cf199688a17cbf7e89b2
    transcription/dubbing/description: 068415167104118e3b9e039d56c49171
    transcription/dubbing/generateButton: c11303e5b01820ee2eccd4409daf6623
    transcription/dubbing/processing: 5bea110afac84b584cf3922bafb84a91
    transcription/dubbing/processingDetail: 19ba5e0715912d71f69969d09252645d
    transcription/dubbing/success: 83d2a3d054c8cfd7a6e9f313bd1c174f
    transcription/dubbing/successDetail: dbc9c58085ff912edefae543b1ff1400
    transcription/dubbing/downloadAudio: aa7039453e4070ab59ff8ef3e793530e
    transcription/dubbing/downloadVideo: 91d10210defa81ef04bffa0f3ef574e8
    transcription/dubbing/errorTitle: 8792a6c2af63230afe6cbd52c7cc06b3
    transcription/dubbing/retryButton: f19d8eb3ea214e4b84960d189a9cd9da
    transcription/dubbing/toast/dubbingStarted: fcf382c46a8526834f3577d6a71e0f40
    transcription/dubbing/toast/dubbingDescription: 9ee63606d36ec8c9fc344afff7299d29
    transcription/dubbing/toast/dubbingFailed: 8792a6c2af63230afe6cbd52c7cc06b3
    transcription/dubbing/toast/downloadStarted: 275f6c23d0687b5cbe9185f7db7a2d1a
    transcription/dubbing/toast/downloadDescription: 94e6eae6f27803534abdfbb12fd443a6
    transcription/dubbing/toast/autoDownloadFailed: 79422fb13cc2beb5d9d0ded38129b012
    transcription/dubbing/toast/autoDownloadDescription: aba76f24791fac8cad88602f9692cefe
    chat/sidebar/newChat: 712c51e10918e5f00d60430b66caaf6f
    chat/sidebar/noConversations: 81f9953a78f5915e6048b43df7b1d445
    chat/sidebar/messages: a4aa3cc00647ad90bfbec49e949ea920
    chat/header/activeConversation: a4e46235a3c2a62f20869b0da5c97d30
    chat/header/newConversation: 712c51e10918e5f00d60430b66caaf6f
    chat/header/subtitle: 68fc41d47b54f46e49dbc41ca5024e99
    chat/header/language: 97b70ce40eaf1b5118b4f6e40c92cf65
    chat/empty/title: 93f37f2701aa8cd292b861fbd7337cd4
    chat/empty/description: cdab4a18e20018bb21090641d23724f8
    chat/messages/original: 22dca22320d2c36d23f136ea55a8c5d1
    chat/input/placeholder: 1688cebd8408d0459aa5a028c8e9c669
    chat/input/keyboardHint: 87739090807aa592a7fa8fc9b309042f
    chat/toast/error: fb2fd39dfdb88cc9509f5942b9850b79
    pdf/pageTitle: 89b1840a713a2d680361c3a4be3671ef
    pdf/upload/dragDrop: 7de09068c12dd9492ecdf47042190822
    pdf/upload/supportedFormats: f4f09ae94c1a8c4b5243881480a3b180
    pdf/upload/browseFiles: 42a6c537c68a6d9c9b7b594a19c88b70
    pdf/form/sourceLanguageLabel: d4ca63c8aa50e8a3f98b76cb333d32cd
    pdf/form/targetLanguageLabel: 22c902f07696802c6d208a72e47d4dee
    pdf/form/translateButton: 59f9803b27e2030ba7323ed239116cf7
    pdf/history/title: 09ee9872052cdce9a9acec14ec5c1d46
    pdf/history/inProgress: 3de9afebcb9d4ce8ac42e14995f79ffd
    pdf/history/completed: 0e4bbce9985f25eb673d9a054c8d5334
    pdf/history/translating: 30fb44509912f953ae8b245802cb36d7
    pdf/history/translatedTo: c41c3488ccac35be12af77d5dd882420
    pdf/history/download: 56b7d0834952b39ee394b44bd8179178
    pdf/history/empty/title: f02c8bce91565f834c73b29b323b1cae
    pdf/history/empty/description: 218eed9b5cca83214841ee05d9bf11d4
    pdf/toast/processingStarted: 5e8005cb74783a96178a3e029161df8a
    pdf/toast/processingDescription: 47fa2035e512a12e96f8fa5e7737aa47
    pdf/toast/translationCompleted: cb5c62e4cf57ac06c71c78db9fff3d60
    pdf/toast/translationCompletedDescription: 9fbbab5cbd154ccf6ac5cac07cf5eb85
    pdf/toast/translationFailed: fd356a173d0abde7a0fc660394954cc7
    pdf/toast/noFileSelected: dfa552762594d996e94a7538d76bdf0e
    pdf/toast/noFileDescription: 03509789c852dfd3f6e070a0d63258f4
    pdf/toast/invalidFile: 7d3fc946b37cceeb1d5baff0f88655b2
    pdf/toast/invalidFileDescription: 5afc750c43f6a9134a999a10ef7d552f
    common/loading: 82b4ea7ed1439094d7c4be13aaba9a66
    common/error: 3c95bcb32c2104b99a46f5b3dd015248
    common/success: c43827becada6750f7a25890905f38b9
    common/cancel: 2e2a849c2223911717de8caa2c71bade
    common/save: f7a2929f33bc420195e59ac5a8bcd454
    common/delete: 8bcf303dd10a645b5baacb02b47d72c9
    common/edit: eee7f39ff90b18852afc1671f21fbaa9
    common/close: 2c2e22f8424a1031de89063bd0022e16
    common/confirm: 90930b51154032f119fa75c1bd422d8b
    common/back: f541015a827e37cb3b1234e56bc2aa3c
    common/next: 89ddbcf710eba274963494f312bdc8a9
    common/previous: 25c58dd62f190368a3d2c4c97b385ea9
    common/search: 49dd6c21604b5e8d4153ff1aff2177e1
    common/filter: 626325a05e4c8800f7ede7012b0cadaf
    common/sort: 8b928fb3b68d93ccda40bed22261e796
    common/clear: d4c069de3111b7a5df96f3703f199f2f
    common/apply: 0f03e8e3752eb120bf8ea0b8f8f5d244
    common/submit: 7c91ef5f747eea9f77a9c4f23e19fb2e
    common/upload: 4a6c84aa16db0f4e5697f49b45257bc7
    common/download: 56b7d0834952b39ee394b44bd8179178
    common/translate: 59f9803b27e2030ba7323ed239116cf7
    common/processing: 4d21e725093ba79328dcedc0f092ab3f
    common/completed: 0e4bbce9985f25eb673d9a054c8d5334
    common/sourceLanguage: d4ca63c8aa50e8a3f98b76cb333d32cd
    common/targetLanguage: 45a1743dd17b6689c1e8ec417f7ed6bf
    common/selectLanguage: d75cf5fbce8a4c7a9055e2210af74480
    languages/auto: 69bf48b9a2a3b78a4b96d147b5869f1d
    languages/en: e1eeeb379f86a015d6e581fcbc4af7f3
    languages/es: 881640609abd94ca50cbafb21f085042
    languages/fr: b6c77a4e718a978af58895b27731413c
    languages/de: 1e23c97d063f7235e94e00517f1786c2
    languages/it: a9fc8de8236d4c1f6bc1eec0942f4457
    languages/pt: 266b900c40d787b4cafc82cce722c3d1
    languages/ru: 72408c2e45e4103c9cd4249f7edf0024
    languages/zh: ebbe0f0da700961b5687182201cd7429
    languages/ja: 577fd83e8e392bc3b56df14d10463fff
    languages/ko: 99d3a279a51280e063545941b380f6a8
    languages/ar: 43f71a9477c4bb07960bcd606742e94b
    languages/hi: 83ef511fe3291eb3eeb7404470003c4b
    languages/bn: 26e0b9ff135cf961a08de9e7774cb396
    languages/pa: 71e93c22716a6f360135ccf584333b8b
    languages/tr: 4fbd26482a8507c11037613fdeb46466
    languages/vi: 66dd7b474050d5c445e1c9a8fae76eb5
    languages/pl: 899b2c2dffd931727410867326c5f722
    languages/uk: 2aa4e73ad0b9e0175e925697de77360f
    languages/nl: 331192a67bdf2449a4abc9a47c006a8f
    languages/sv: b196b5cefab3850d12e3c7b18e0dc743
